// !$*UTF8*$!
{
	archiveVersion = 1;
	classes = {
	};
	objectVersion = 44;
	objects = {

/* Begin PBXBuildFile section */
		82532AC00DA286C20030CC6A /* libxml.framework in Frameworks */ = {isa = PBXBuildFile; fileRef = 82532ABF0DA286C20030CC6A /* libxml.framework */; };
		82532AFD0DA374250030CC6A /* dss.cpp in Sources */ = {isa = PBXBuildFile; fileRef = 82532AFC0DA374250030CC6A /* dss.cpp */; };
		82532B390DA380B90030CC6A /* logger.cpp in Sources */ = {isa = PBXBuildFile; fileRef = 82532B380DA380B90030CC6A /* logger.cpp */; };
		82532B9C0DA388A00030CC6A /* auth.c in Sources */ = {isa = PBXBuildFile; fileRef = 82532B8D0DA388A00030CC6A /* auth.c */; };
		82532B9D0DA388A00030CC6A /* cgi.c in Sources */ = {isa = PBXBuildFile; fileRef = 82532B8E0DA388A00030CC6A /* cgi.c */; };
		82532B9E0DA388A00030CC6A /* compat_unix.c in Sources */ = {isa = PBXBuildFile; fileRef = 82532B8F0DA388A00030CC6A /* compat_unix.c */; };
		82532B9F0DA388A00030CC6A /* config.c in Sources */ = {isa = PBXBuildFile; fileRef = 82532B900DA388A00030CC6A /* config.c */; };
		82532BA00DA388A00030CC6A /* io_cgi.c in Sources */ = {isa = PBXBuildFile; fileRef = 82532B910DA388A00030CC6A /* io_cgi.c */; };
		82532BA10DA388A00030CC6A /* io_dir.c in Sources */ = {isa = PBXBuildFile; fileRef = 82532B920DA388A00030CC6A /* io_dir.c */; };
		82532BA20DA388A00030CC6A /* io_emb.c in Sources */ = {isa = PBXBuildFile; fileRef = 82532B930DA388A00030CC6A /* io_emb.c */; };
		82532BA30DA388A00030CC6A /* io_file.c in Sources */ = {isa = PBXBuildFile; fileRef = 82532B940DA388A00030CC6A /* io_file.c */; };
		82532BA40DA388A00030CC6A /* io_socket.c in Sources */ = {isa = PBXBuildFile; fileRef = 82532B950DA388A00030CC6A /* io_socket.c */; };
		82532BA50DA388A00030CC6A /* io_ssi.c in Sources */ = {isa = PBXBuildFile; fileRef = 82532B960DA388A00030CC6A /* io_ssi.c */; };
		82532BA60DA388A00030CC6A /* io_ssl.c in Sources */ = {isa = PBXBuildFile; fileRef = 82532B970DA388A00030CC6A /* io_ssl.c */; };
		82532BA70DA388A00030CC6A /* log.c in Sources */ = {isa = PBXBuildFile; fileRef = 82532B980DA388A00030CC6A /* log.c */; };
		82532BA80DA388A00030CC6A /* md5.c in Sources */ = {isa = PBXBuildFile; fileRef = 82532B990DA388A00030CC6A /* md5.c */; };
		82532BA90DA388A00030CC6A /* shttpd.c in Sources */ = {isa = PBXBuildFile; fileRef = 82532B9A0DA388A00030CC6A /* shttpd.c */; };
		82532BAA0DA388A00030CC6A /* string.c in Sources */ = {isa = PBXBuildFile; fileRef = 82532B9B0DA388A00030CC6A /* string.c */; };
		82532C030DA3907E0030CC6A /* thread.cpp in Sources */ = {isa = PBXBuildFile; fileRef = 82532C020DA3907E0030CC6A /* thread.cpp */; };
		82532C770DA3ADB60030CC6A /* base.cpp in Sources */ = {isa = PBXBuildFile; fileRef = 82532C760DA3ADB60030CC6A /* base.cpp */; };
		825330130DA529CD0030CC6A /* xmlwrapper.cpp in Sources */ = {isa = PBXBuildFile; fileRef = 825330120DA529CD0030CC6A /* xmlwrapper.cpp */; };
		82B161100DAE42080005FB71 /* libjs.dylib in Frameworks */ = {isa = PBXBuildFile; fileRef = 82B1610F0DAE42080005FB71 /* libjs.dylib */; };
		82B161730DAEBABA0005FB71 /* jshandler.cpp in Sources */ = {isa = PBXBuildFile; fileRef = 82B161720DAEBABA0005FB71 /* jshandler.cpp */; };
		82B161FB0DAF6CC10005FB71 /* tests.cpp in Sources */ = {isa = PBXBuildFile; fileRef = 82B161FA0DAF6CC10005FB71 /* tests.cpp */; };
		82B6B4550DA6636E006C51B6 /* cppunit.framework in Frameworks */ = {isa = PBXBuildFile; fileRef = 82B6B4540DA6636E006C51B6 /* cppunit.framework */; };
		82B6B5B70DAA3134006C51B6 /* model.cpp in Sources */ = {isa = PBXBuildFile; fileRef = 82B6B5B60DAA3134006C51B6 /* model.cpp */; };
		8DD76F650486A84900D96B5E /* main.cpp in Sources */ = {isa = PBXBuildFile; fileRef = 08FB7796FE84155DC02AAC07 /* main.cpp */; settings = {ATTRIBUTES = (); }; };
		8DD76F6A0486A84900D96B5E /* dSS.1 in CopyFiles */ = {isa = PBXBuildFile; fileRef = C6859E8B029090EE04C91782 /* dSS.1 */; };
/* End PBXBuildFile section */

/* Begin PBXCopyFilesBuildPhase section */
		8DD76F690486A84900D96B5E /* CopyFiles */ = {
			isa = PBXCopyFilesBuildPhase;
			buildActionMask = 8;
			dstPath = /usr/share/man/man1/;
			dstSubfolderSpec = 0;
			files = (
				8DD76F6A0486A84900D96B5E /* dSS.1 in CopyFiles */,
			);
			runOnlyForDeploymentPostprocessing = 1;
		};
/* End PBXCopyFilesBuildPhase section */

/* Begin PBXFileReference section */
		08FB7796FE84155DC02AAC07 /* main.cpp */ = {isa = PBXFileReference; fileEncoding = 4; lastKnownFileType = sourcecode.cpp.cpp; path = main.cpp; sourceTree = "<group>"; };
		82532ABF0DA286C20030CC6A /* libxml.framework */ = {isa = PBXFileReference; lastKnownFileType = wrapper.framework; name = libxml.framework; path = /Library/Frameworks/libxml.framework; sourceTree = "<absolute>"; };
		82532AFB0DA374250030CC6A /* dss.h */ = {isa = PBXFileReference; fileEncoding = 4; lastKnownFileType = sourcecode.c.h; name = dss.h; path = core/dss.h; sourceTree = "<group>"; };
		82532AFC0DA374250030CC6A /* dss.cpp */ = {isa = PBXFileReference; fileEncoding = 4; lastKnownFileType = sourcecode.cpp.cpp; name = dss.cpp; path = core/dss.cpp; sourceTree = "<group>"; };
		82532B370DA380B90030CC6A /* logger.h */ = {isa = PBXFileReference; fileEncoding = 4; lastKnownFileType = sourcecode.c.h; name = logger.h; path = core/logger.h; sourceTree = "<group>"; };
		82532B380DA380B90030CC6A /* logger.cpp */ = {isa = PBXFileReference; fileEncoding = 4; lastKnownFileType = sourcecode.cpp.cpp; name = logger.cpp; path = core/logger.cpp; sourceTree = "<group>"; };
		82532B870DA388130030CC6A /* external */ = {isa = PBXFileReference; lastKnownFileType = folder; path = external; sourceTree = "<group>"; };
		82532B8D0DA388A00030CC6A /* auth.c */ = {isa = PBXFileReference; fileEncoding = 4; lastKnownFileType = sourcecode.c.c; name = auth.c; path = external/shttpd/auth.c; sourceTree = "<group>"; };
		82532B8E0DA388A00030CC6A /* cgi.c */ = {isa = PBXFileReference; fileEncoding = 4; lastKnownFileType = sourcecode.c.c; name = cgi.c; path = external/shttpd/cgi.c; sourceTree = "<group>"; };
		82532B8F0DA388A00030CC6A /* compat_unix.c */ = {isa = PBXFileReference; fileEncoding = 4; lastKnownFileType = sourcecode.c.c; name = compat_unix.c; path = external/shttpd/compat_unix.c; sourceTree = "<group>"; };
		82532B900DA388A00030CC6A /* config.c */ = {isa = PBXFileReference; fileEncoding = 4; lastKnownFileType = sourcecode.c.c; name = config.c; path = external/shttpd/config.c; sourceTree = "<group>"; };
		82532B910DA388A00030CC6A /* io_cgi.c */ = {isa = PBXFileReference; fileEncoding = 4; lastKnownFileType = sourcecode.c.c; name = io_cgi.c; path = external/shttpd/io_cgi.c; sourceTree = "<group>"; };
		82532B920DA388A00030CC6A /* io_dir.c */ = {isa = PBXFileReference; fileEncoding = 4; lastKnownFileType = sourcecode.c.c; name = io_dir.c; path = external/shttpd/io_dir.c; sourceTree = "<group>"; };
		82532B930DA388A00030CC6A /* io_emb.c */ = {isa = PBXFileReference; fileEncoding = 4; lastKnownFileType = sourcecode.c.c; name = io_emb.c; path = external/shttpd/io_emb.c; sourceTree = "<group>"; };
		82532B940DA388A00030CC6A /* io_file.c */ = {isa = PBXFileReference; fileEncoding = 4; lastKnownFileType = sourcecode.c.c; name = io_file.c; path = external/shttpd/io_file.c; sourceTree = "<group>"; };
		82532B950DA388A00030CC6A /* io_socket.c */ = {isa = PBXFileReference; fileEncoding = 4; lastKnownFileType = sourcecode.c.c; name = io_socket.c; path = external/shttpd/io_socket.c; sourceTree = "<group>"; };
		82532B960DA388A00030CC6A /* io_ssi.c */ = {isa = PBXFileReference; fileEncoding = 4; lastKnownFileType = sourcecode.c.c; name = io_ssi.c; path = external/shttpd/io_ssi.c; sourceTree = "<group>"; };
		82532B970DA388A00030CC6A /* io_ssl.c */ = {isa = PBXFileReference; fileEncoding = 4; lastKnownFileType = sourcecode.c.c; name = io_ssl.c; path = external/shttpd/io_ssl.c; sourceTree = "<group>"; };
		82532B980DA388A00030CC6A /* log.c */ = {isa = PBXFileReference; fileEncoding = 4; lastKnownFileType = sourcecode.c.c; name = log.c; path = external/shttpd/log.c; sourceTree = "<group>"; };
		82532B990DA388A00030CC6A /* md5.c */ = {isa = PBXFileReference; fileEncoding = 4; lastKnownFileType = sourcecode.c.c; name = md5.c; path = external/shttpd/md5.c; sourceTree = "<group>"; };
		82532B9A0DA388A00030CC6A /* shttpd.c */ = {isa = PBXFileReference; fileEncoding = 4; lastKnownFileType = sourcecode.c.c; name = shttpd.c; path = external/shttpd/shttpd.c; sourceTree = "<group>"; };
		82532B9B0DA388A00030CC6A /* string.c */ = {isa = PBXFileReference; fileEncoding = 4; lastKnownFileType = sourcecode.c.c; name = string.c; path = external/shttpd/string.c; sourceTree = "<group>"; };
		82532C020DA3907E0030CC6A /* thread.cpp */ = {isa = PBXFileReference; fileEncoding = 4; lastKnownFileType = sourcecode.cpp.cpp; name = thread.cpp; path = core/thread.cpp; sourceTree = "<group>"; };
		82532C750DA3ADB60030CC6A /* base.h */ = {isa = PBXFileReference; fileEncoding = 4; lastKnownFileType = sourcecode.c.h; name = base.h; path = core/base.h; sourceTree = "<group>"; };
		82532C760DA3ADB60030CC6A /* base.cpp */ = {isa = PBXFileReference; fileEncoding = 4; lastKnownFileType = sourcecode.cpp.cpp; name = base.cpp; path = core/base.cpp; sourceTree = "<group>"; };
		825330110DA529CD0030CC6A /* xmlwrapper.h */ = {isa = PBXFileReference; fileEncoding = 4; lastKnownFileType = sourcecode.c.h; name = xmlwrapper.h; path = core/xmlwrapper.h; sourceTree = "<group>"; };
		825330120DA529CD0030CC6A /* xmlwrapper.cpp */ = {isa = PBXFileReference; fileEncoding = 4; lastKnownFileType = sourcecode.cpp.cpp; name = xmlwrapper.cpp; path = core/xmlwrapper.cpp; sourceTree = "<group>"; };
		82B1610F0DAE42080005FB71 /* libjs.dylib */ = {isa = PBXFileReference; lastKnownFileType = "compiled.mach-o.dylib"; name = libjs.dylib; path = /opt/local/lib/libjs.dylib; sourceTree = "<absolute>"; };
		82B161710DAEBABA0005FB71 /* jshandler.h */ = {isa = PBXFileReference; fileEncoding = 4; lastKnownFileType = sourcecode.c.h; name = jshandler.h; path = core/jshandler.h; sourceTree = "<group>"; };
		82B161720DAEBABA0005FB71 /* jshandler.cpp */ = {isa = PBXFileReference; fileEncoding = 4; lastKnownFileType = sourcecode.cpp.cpp; name = jshandler.cpp; path = core/jshandler.cpp; sourceTree = "<group>"; };
		82B161F90DAF6CC10005FB71 /* tests.h */ = {isa = PBXFileReference; fileEncoding = 4; lastKnownFileType = sourcecode.c.h; name = tests.h; path = tests/tests.h; sourceTree = "<group>"; };
		82B161FA0DAF6CC10005FB71 /* tests.cpp */ = {isa = PBXFileReference; fileEncoding = 4; lastKnownFileType = sourcecode.cpp.cpp; name = tests.cpp; path = tests/tests.cpp; sourceTree = "<group>"; };
		82B6B4540DA6636E006C51B6 /* cppunit.framework */ = {isa = PBXFileReference; lastKnownFileType = wrapper.framework; path = cppunit.framework; sourceTree = "<group>"; };
		82B6B5B50DAA3134006C51B6 /* model.h */ = {isa = PBXFileReference; fileEncoding = 4; lastKnownFileType = sourcecode.c.h; name = model.h; path = core/model.h; sourceTree = "<group>"; };
		82B6B5B60DAA3134006C51B6 /* model.cpp */ = {isa = PBXFileReference; fileEncoding = 4; lastKnownFileType = sourcecode.cpp.cpp; name = model.cpp; path = core/model.cpp; sourceTree = "<group>"; };
		8DD76F6C0486A84900D96B5E /* dSS */ = {isa = PBXFileReference; explicitFileType = "compiled.mach-o.executable"; includeInIndex = 0; path = dSS; sourceTree = BUILT_PRODUCTS_DIR; };
		C6859E8B029090EE04C91782 /* dSS.1 */ = {isa = PBXFileReference; lastKnownFileType = text.man; path = dSS.1; sourceTree = "<group>"; };
/* End PBXFileReference section */

/* Begin PBXFrameworksBuildPhase section */
		8DD76F660486A84900D96B5E /* Frameworks */ = {
			isa = PBXFrameworksBuildPhase;
			buildActionMask = 2147483647;
			files = (
				82532AC00DA286C20030CC6A /* libxml.framework in Frameworks */,
				82B6B4550DA6636E006C51B6 /* cppunit.framework in Frameworks */,
				82B161100DAE42080005FB71 /* libjs.dylib in Frameworks */,
			);
			runOnlyForDeploymentPostprocessing = 0;
		};
/* End PBXFrameworksBuildPhase section */

/* Begin PBXGroup section */
		08FB7794FE84155DC02AAC07 /* dSS */ = {
			isa = PBXGroup;
			children = (
				82B1610F0DAE42080005FB71 /* libjs.dylib */,
				82B6B4540DA6636E006C51B6 /* cppunit.framework */,
				82532ABF0DA286C20030CC6A /* libxml.framework */,
				08FB7795FE84155DC02AAC07 /* Source */,
				C6859E8C029090F304C91782 /* Documentation */,
				1AB674ADFE9D54B511CA2CBB /* Products */,
			);
			name = dSS;
			sourceTree = "<group>";
		};
		08FB7795FE84155DC02AAC07 /* Source */ = {
			isa = PBXGroup;
			children = (
				82B161F90DAF6CC10005FB71 /* tests.h */,
				82B161FA0DAF6CC10005FB71 /* tests.cpp */,
				82B161710DAEBABA0005FB71 /* jshandler.h */,
				82B161720DAEBABA0005FB71 /* jshandler.cpp */,
				82B6B5B50DAA3134006C51B6 /* model.h */,
				82B6B5B60DAA3134006C51B6 /* model.cpp */,
				825330110DA529CD0030CC6A /* xmlwrapper.h */,
				825330120DA529CD0030CC6A /* xmlwrapper.cpp */,
				82532C750DA3ADB60030CC6A /* base.h */,
				82532C760DA3ADB60030CC6A /* base.cpp */,
				82532B8D0DA388A00030CC6A /* auth.c */,
				82532B8E0DA388A00030CC6A /* cgi.c */,
				82532B8F0DA388A00030CC6A /* compat_unix.c */,
				82532B900DA388A00030CC6A /* config.c */,
				82532B910DA388A00030CC6A /* io_cgi.c */,
				82532B920DA388A00030CC6A /* io_dir.c */,
				82532B930DA388A00030CC6A /* io_emb.c */,
				82532B940DA388A00030CC6A /* io_file.c */,
				82532B950DA388A00030CC6A /* io_socket.c */,
				82532B960DA388A00030CC6A /* io_ssi.c */,
				82532B970DA388A00030CC6A /* io_ssl.c */,
				82532B980DA388A00030CC6A /* log.c */,
				82532B990DA388A00030CC6A /* md5.c */,
				82532B9A0DA388A00030CC6A /* shttpd.c */,
				82532B9B0DA388A00030CC6A /* string.c */,
				82532B370DA380B90030CC6A /* logger.h */,
				82532B380DA380B90030CC6A /* logger.cpp */,
				82532AFB0DA374250030CC6A /* dss.h */,
				82532AFC0DA374250030CC6A /* dss.cpp */,
				82532B870DA388130030CC6A /* external */,
				08FB7796FE84155DC02AAC07 /* main.cpp */,
				82532C020DA3907E0030CC6A /* thread.cpp */,
			);
			name = Source;
			sourceTree = "<group>";
		};
		1AB674ADFE9D54B511CA2CBB /* Products */ = {
			isa = PBXGroup;
			children = (
				8DD76F6C0486A84900D96B5E /* dSS */,
			);
			name = Products;
			sourceTree = "<group>";
		};
		C6859E8C029090F304C91782 /* Documentation */ = {
			isa = PBXGroup;
			children = (
				C6859E8B029090EE04C91782 /* dSS.1 */,
			);
			name = Documentation;
			sourceTree = "<group>";
		};
/* End PBXGroup section */

/* Begin PBXNativeTarget section */
		8DD76F620486A84900D96B5E /* dSS */ = {
			isa = PBXNativeTarget;
			buildConfigurationList = 1DEB923108733DC60010E9CD /* Build configuration list for PBXNativeTarget "dSS" */;
			buildPhases = (
				8DD76F640486A84900D96B5E /* Sources */,
				8DD76F660486A84900D96B5E /* Frameworks */,
				8DD76F690486A84900D96B5E /* CopyFiles */,
			);
			buildRules = (
			);
			dependencies = (
			);
			name = dSS;
			productInstallPath = "$(HOME)/bin";
			productName = dSS;
			productReference = 8DD76F6C0486A84900D96B5E /* dSS */;
			productType = "com.apple.product-type.tool";
		};
/* End PBXNativeTarget section */

/* Begin PBXProject section */
		08FB7793FE84155DC02AAC07 /* Project object */ = {
			isa = PBXProject;
			buildConfigurationList = 1DEB923508733DC60010E9CD /* Build configuration list for PBXProject "dSS" */;
			compatibilityVersion = "Xcode 3.0";
			hasScannedForEncodings = 1;
			mainGroup = 08FB7794FE84155DC02AAC07 /* dSS */;
			projectDirPath = "";
			projectRoot = "";
			targets = (
				8DD76F620486A84900D96B5E /* dSS */,
			);
		};
/* End PBXProject section */

/* Begin PBXSourcesBuildPhase section */
		8DD76F640486A84900D96B5E /* Sources */ = {
			isa = PBXSourcesBuildPhase;
			buildActionMask = 2147483647;
			files = (
				8DD76F650486A84900D96B5E /* main.cpp in Sources */,
				82532AFD0DA374250030CC6A /* dss.cpp in Sources */,
				82532B390DA380B90030CC6A /* logger.cpp in Sources */,
				82532B9C0DA388A00030CC6A /* auth.c in Sources */,
				82532B9D0DA388A00030CC6A /* cgi.c in Sources */,
				82532B9E0DA388A00030CC6A /* compat_unix.c in Sources */,
				82532B9F0DA388A00030CC6A /* config.c in Sources */,
				82532BA00DA388A00030CC6A /* io_cgi.c in Sources */,
				82532BA10DA388A00030CC6A /* io_dir.c in Sources */,
				82532BA20DA388A00030CC6A /* io_emb.c in Sources */,
				82532BA30DA388A00030CC6A /* io_file.c in Sources */,
				82532BA40DA388A00030CC6A /* io_socket.c in Sources */,
				82532BA50DA388A00030CC6A /* io_ssi.c in Sources */,
				82532BA60DA388A00030CC6A /* io_ssl.c in Sources */,
				82532BA70DA388A00030CC6A /* log.c in Sources */,
				82532BA80DA388A00030CC6A /* md5.c in Sources */,
				82532BA90DA388A00030CC6A /* shttpd.c in Sources */,
				82532BAA0DA388A00030CC6A /* string.c in Sources */,
				82532C030DA3907E0030CC6A /* thread.cpp in Sources */,
				82532C770DA3ADB60030CC6A /* base.cpp in Sources */,
				825330130DA529CD0030CC6A /* xmlwrapper.cpp in Sources */,
				82B6B5B70DAA3134006C51B6 /* model.cpp in Sources */,
				82B161730DAEBABA0005FB71 /* jshandler.cpp in Sources */,
				82B161FB0DAF6CC10005FB71 /* tests.cpp in Sources */,
			);
			runOnlyForDeploymentPostprocessing = 0;
		};
/* End PBXSourcesBuildPhase section */

/* Begin XCBuildConfiguration section */
		1DEB923208733DC60010E9CD /* Debug */ = {
			isa = XCBuildConfiguration;
			buildSettings = {
				COPY_PHASE_STRIP = NO;
				FRAMEWORK_SEARCH_PATHS = (
					"$(inherited)",
					"\"$(SRCROOT)\"",
				);
				GCC_DYNAMIC_NO_PIC = NO;
				GCC_ENABLE_FIX_AND_CONTINUE = YES;
				GCC_MODEL_TUNING = G5;
				GCC_OPTIMIZATION_LEVEL = 0;
				GCC_PREPROCESSOR_DEFINITIONS = (
					"_GLIBCXX_DEBUG=1",
					"_GLIBCXX_DEBUG_PEDANTIC=1",
				);
				INSTALL_PATH = /usr/local/bin;
				LIBRARY_SEARCH_PATHS = (
					"$(inherited)",
					/opt/local/lib,
				);
				PRODUCT_NAME = dSS;
				ZERO_LINK = YES;
			};
			name = Debug;
		};
		1DEB923308733DC60010E9CD /* Release */ = {
			isa = XCBuildConfiguration;
			buildSettings = {
				DEBUG_INFORMATION_FORMAT = "dwarf-with-dsym";
				FRAMEWORK_SEARCH_PATHS = (
					"$(inherited)",
					"\"$(SRCROOT)\"",
				);
				GCC_MODEL_TUNING = G5;
				INSTALL_PATH = /usr/local/bin;
				LIBRARY_SEARCH_PATHS = (
					"$(inherited)",
					/opt/local/lib,
				);
				PRODUCT_NAME = dSS;
			};
			name = Release;
		};
		1DEB923608733DC60010E9CD /* Debug */ = {
			isa = XCBuildConfiguration;
			buildSettings = {
				GCC_OPTIMIZATION_LEVEL = 1;
				GCC_WARN_ABOUT_RETURN_TYPE = YES;
				GCC_WARN_UNUSED_VARIABLE = YES;
				HEADER_SEARCH_PATHS = (
					/opt/local/include/,
					/usr/include/libxml2,
				);
				OTHER_CFLAGS = "-DXP_UNIX";
				OTHER_CPLUSPLUSFLAGS = (
					"$(OTHER_CFLAGS)",
					"-DXP_UNIX",
				);
				PREBINDING = NO;
				SDKROOT = "$(DEVELOPER_SDK_DIR)/MacOSX10.5.sdk";
			};
			name = Debug;
		};
		1DEB923708733DC60010E9CD /* Release */ = {
			isa = XCBuildConfiguration;
			buildSettings = {
				ARCHS = (
					ppc,
					i386,
				);
				GCC_WARN_ABOUT_RETURN_TYPE = YES;
				GCC_WARN_UNUSED_VARIABLE = YES;
				HEADER_SEARCH_PATHS = (
					/opt/local/include/,
					/usr/include/libxml2,
				);
				OTHER_CFLAGS = "-DXP_UNIX";
				OTHER_CPLUSPLUSFLAGS = (
					"$(OTHER_CFLAGS)",
					"-DXP_UNIX",
				);
				PREBINDING = NO;
				SDKROOT = "$(DEVELOPER_SDK_DIR)/MacOSX10.5.sdk";
			};
			name = Release;
		};
/* End XCBuildConfiguration section */

/* Begin XCConfigurationList section */
		1DEB923108733DC60010E9CD /* Build configuration list for PBXNativeTarget "dSS" */ = {
			isa = XCConfigurationList;
			buildConfigurations = (
				1DEB923208733DC60010E9CD /* Debug */,
				1DEB923308733DC60010E9CD /* Release */,
			);
			defaultConfigurationIsVisible = 0;
			defaultConfigurationName = Release;
		};
		1DEB923508733DC60010E9CD /* Build configuration list for PBXProject "dSS" */ = {
			isa = XCConfigurationList;
			buildConfigurations = (
				1DEB923608733DC60010E9CD /* Debug */,
				1DEB923708733DC60010E9CD /* Release */,
			);
			defaultConfigurationIsVisible = 0;
			defaultConfigurationName = Release;
		};
/* End XCConfigurationList section */
	};
	rootObject = 08FB7793FE84155DC02AAC07 /* Project object */;
}
